
Microsoft Visual Studio Solution File, Format Version 12.00
# Visual Studio Version 17
VisualStudioVersion = 17.2.32516.85
MinimumVisualStudioVersion = 10.0.40219.1
Project("{FAE04EC0-301F-11D3-BF4B-00C04F79EFBC}") = "QuickBoost", "QuickBoost\QuickBoost.csproj", "{3B472F76-A1D6-41D9-A1CE-AE8260937C17}"
EndProject
Global
	GlobalSection(SolutionConfigurationPlatforms) = preSolution
		Debug|Any CPU = Debug|Any CPU
		Release|Any CPU = Release|Any CPU
	EndGlobalSection
	GlobalSection(ProjectConfigurationPlatforms) = postSolution
		{3B472F76-A1D6-41D9-A1CE-AE8260937C17}.Debug|Any CPU.ActiveCfg = Debug|Any CPU
		{3B472F76-A1D6-41D9-A1CE-AE8260937C17}.Debug|Any CPU.Build.0 = Debug|Any CPU
		{3B472F76-A1D6-41D9-A1CE-AE8260937C17}.Release|Any CPU.ActiveCfg = Release|Any CPU
		{3B472F76-A1D6-41D9-A1CE-AE8260937C17}.Release|Any CPU.Build.0 = Release|Any CPU
	EndGlobalSection
	GlobalSection(SolutionProperties) = preSolution
		HideSolutionNode = FALSE
	EndGlobalSection
	GlobalSection(ExtensibilityGlobals) = postSolution
		SolutionGuid = {ED22A2AE-1E20-4D42-AE50-58B51274C36D}
	EndGlobalSection
EndGlobal
